
Microsoft Visual Studio Solution File, Format Version 12.00
# Visual Studio Version 17
VisualStudioVersion = 17.9.34728.123
MinimumVisualStudioVersion = 10.0.40219.1
Project("{9A19103F-16F7-4668-BE54-9A1E7A4F7556}") = "AljabarLibraries", "AljabarLibraries\AljabarLibraries.csproj", "{0A8CEB04-5030-473A-8A4B-6D9B46340DA4}"
EndProject
Project("{9A19103F-16F7-4668-BE54-9A1E7A4F7556}") = "AljabarDriver", "AljabarDriver\AljabarDriver.csproj", "{089050C1-9989-473B-8391-282364A30319}"
EndProject
Global
	GlobalSection(SolutionConfigurationPlatforms) = preSolution
		Debug|Any CPU = Debug|Any CPU
		Release|Any CPU = Release|Any CPU
	EndGlobalSection
	GlobalSection(ProjectConfigurationPlatforms) = postSolution
		{0A8CEB04-5030-473A-8A4B-6D9B46340DA4}.Debug|Any CPU.ActiveCfg = Debug|Any CPU
		{0A8CEB04-5030-473A-8A4B-6D9B46340DA4}.Debug|Any CPU.Build.0 = Debug|Any CPU
		{0A8CEB04-5030-473A-8A4B-6D9B46340DA4}.Release|Any CPU.ActiveCfg = Release|Any CPU
		{0A8CEB04-5030-473A-8A4B-6D9B46340DA4}.Release|Any CPU.Build.0 = Release|Any CPU
		{089050C1-9989-473B-8391-282364A30319}.Debug|Any CPU.ActiveCfg = Debug|Any CPU
		{089050C1-9989-473B-8391-282364A30319}.Debug|Any CPU.Build.0 = Debug|Any CPU
		{089050C1-9989-473B-8391-282364A30319}.Release|Any CPU.ActiveCfg = Release|Any CPU
		{089050C1-9989-473B-8391-282364A30319}.Release|Any CPU.Build.0 = Release|Any CPU
	EndGlobalSection
	GlobalSection(SolutionProperties) = preSolution
		HideSolutionNode = FALSE
	EndGlobalSection
	GlobalSection(ExtensibilityGlobals) = postSolution
		SolutionGuid = {BF6BEAE8-710F-4E3C-9B0A-BECD95212716}
	EndGlobalSection
EndGlobal
